
Microsoft Visual Studio Solution File, Format Version 12.00
# Visual Studio 15
VisualStudioVersion = 15.0.28307.902
MinimumVisualStudioVersion = 10.0.40219.1
Project("{9A19103F-16F7-4668-BE54-9A1E7A4F7556}") = "coresearch", "coresearch\coresearch.csproj", "{12EB3C09-6561-4F78-A2FD-FDF31F1B6CEA}"
EndProject
Project("{9A19103F-16F7-4668-BE54-9A1E7A4F7556}") = "webserver", "Webserver\webserver.csproj", "{49CD7CC2-0449-4BDE-9BDB-95E04C18E443}"
EndProject
Global
	GlobalSection(SolutionConfigurationPlatforms) = preSolution
		Debug|Any CPU = Debug|Any CPU
		Release|Any CPU = Release|Any CPU
	EndGlobalSection
	GlobalSection(ProjectConfigurationPlatforms) = postSolution
		{12EB3C09-6561-4F78-A2FD-FDF31F1B6CEA}.Debug|Any CPU.ActiveCfg = Debug|Any CPU
		{12EB3C09-6561-4F78-A2FD-FDF31F1B6CEA}.Debug|Any CPU.Build.0 = Debug|Any CPU
		{12EB3C09-6561-4F78-A2FD-FDF31F1B6CEA}.Release|Any CPU.ActiveCfg = Release|Any CPU
		{12EB3C09-6561-4F78-A2FD-FDF31F1B6CEA}.Release|Any CPU.Build.0 = Release|Any CPU
		{49CD7CC2-0449-4BDE-9BDB-95E04C18E443}.Debug|Any CPU.ActiveCfg = Debug|Any CPU
		{49CD7CC2-0449-4BDE-9BDB-95E04C18E443}.Debug|Any CPU.Build.0 = Debug|Any CPU
		{49CD7CC2-0449-4BDE-9BDB-95E04C18E443}.Release|Any CPU.ActiveCfg = Release|Any CPU
		{49CD7CC2-0449-4BDE-9BDB-95E04C18E443}.Release|Any CPU.Build.0 = Release|Any CPU
	EndGlobalSection
	GlobalSection(SolutionProperties) = preSolution
		HideSolutionNode = FALSE
	EndGlobalSection
	GlobalSection(ExtensibilityGlobals) = postSolution
		SolutionGuid = {99384B41-C20D-4191-BFAF-4D05CEB01EFD}
	EndGlobalSection
EndGlobal
